
Microsoft Visual Studio Solution File, Format Version 12.00
# Visual Studio Version 17
VisualStudioVersion = 17.7.34024.191
MinimumVisualStudioVersion = 10.0.40219.1
Project("{FAE04EC0-301F-11D3-BF4B-00C04F79EFBC}") = "EmployeeAPI", "EmployeeAPI\EmployeeAPI.csproj", "{4701C5A0-2D1E-4102-8D86-710845D4745F}"
EndProject
Project("{FAE04EC0-301F-11D3-BF4B-00C04F79EFBC}") = "Domain", "Domain\Domain.csproj", "{A8D2E9AE-65A6-4103-A0A2-1E446026513F}"
EndProject
Project("{FAE04EC0-301F-11D3-BF4B-00C04F79EFBC}") = "Repository", "Repository\Repository.csproj", "{EF246F59-4442-4DF7-95DB-B8E58F75A63F}"
EndProject
Project("{FAE04EC0-301F-11D3-BF4B-00C04F79EFBC}") = "Service", "Service\Service.csproj", "{5E037D1B-777C-4078-BD15-00BC24195EA0}"
EndProject
Global
	GlobalSection(SolutionConfigurationPlatforms) = preSolution
		Debug|Any CPU = Debug|Any CPU
		Release|Any CPU = Release|Any CPU
	EndGlobalSection
	GlobalSection(ProjectConfigurationPlatforms) = postSolution
		{4701C5A0-2D1E-4102-8D86-710845D4745F}.Debug|Any CPU.ActiveCfg = Debug|Any CPU
		{4701C5A0-2D1E-4102-8D86-710845D4745F}.Debug|Any CPU.Build.0 = Debug|Any CPU
		{4701C5A0-2D1E-4102-8D86-710845D4745F}.Release|Any CPU.ActiveCfg = Release|Any CPU
		{4701C5A0-2D1E-4102-8D86-710845D4745F}.Release|Any CPU.Build.0 = Release|Any CPU
		{A8D2E9AE-65A6-4103-A0A2-1E446026513F}.Debug|Any CPU.ActiveCfg = Debug|Any CPU
		{A8D2E9AE-65A6-4103-A0A2-1E446026513F}.Debug|Any CPU.Build.0 = Debug|Any CPU
		{A8D2E9AE-65A6-4103-A0A2-1E446026513F}.Release|Any CPU.ActiveCfg = Release|Any CPU
		{A8D2E9AE-65A6-4103-A0A2-1E446026513F}.Release|Any CPU.Build.0 = Release|Any CPU
		{EF246F59-4442-4DF7-95DB-B8E58F75A63F}.Debug|Any CPU.ActiveCfg = Debug|Any CPU
		{EF246F59-4442-4DF7-95DB-B8E58F75A63F}.Debug|Any CPU.Build.0 = Debug|Any CPU
		{EF246F59-4442-4DF7-95DB-B8E58F75A63F}.Release|Any CPU.ActiveCfg = Release|Any CPU
		{EF246F59-4442-4DF7-95DB-B8E58F75A63F}.Release|Any CPU.Build.0 = Release|Any CPU
		{5E037D1B-777C-4078-BD15-00BC24195EA0}.Debug|Any CPU.ActiveCfg = Debug|Any CPU
		{5E037D1B-777C-4078-BD15-00BC24195EA0}.Debug|Any CPU.Build.0 = Debug|Any CPU
		{5E037D1B-777C-4078-BD15-00BC24195EA0}.Release|Any CPU.ActiveCfg = Release|Any CPU
		{5E037D1B-777C-4078-BD15-00BC24195EA0}.Release|Any CPU.Build.0 = Release|Any CPU
	EndGlobalSection
	GlobalSection(SolutionProperties) = preSolution
		HideSolutionNode = FALSE
	EndGlobalSection
	GlobalSection(ExtensibilityGlobals) = postSolution
		SolutionGuid = {A776F5E2-6278-4B51-B84D-1F75AA311A36}
	EndGlobalSection
EndGlobal
